{
  "version": 4,
  "terraform_version": "1.5.0",
  "serial": 12,
  "lineage": "36a76d0d-4f90-36bf-8d84-c1967e205b38",
  "outputs": {},
  "resources": [
    {
      "mode": "managed",
      "type": "google_compute_disk",
      "name": "my_disk",
      "provider": "provider[\"registry.terraform.io/hashicorp/google\"]",
      "instances": [
        {
          "schema_version": 0,
          "attributes": {
            "creation_timestamp": "2023-06-15T12:34:59.313-07:00",
            "description": "",
            "disk_encryption_key": [],
            "guest_os_features": [],
            "id": "projects/cloud-389618/zones/us-central1-c/disks/my-disk",
            "image": "",
            "label_fingerprint": "42WmSpB8rSM=",
            "labels": {},
            "last_attach_timestamp": "",
            "last_detach_timestamp": "",
            "licenses": [],
            "name": "my-disk",
            "physical_block_size_bytes": 4096,
            "project": "cloud-389618",
            "provisioned_iops": 0,
            "self_link": "https://www.googleapis.com/compute/v1/projects/cloud-389618/zones/us-central1-c/disks/my-disk",
            "size": 1,
            "snapshot": "",
            "source_disk": "",
            "source_disk_id": "",
            "source_image_encryption_key": [],
            "source_image_id": "",
            "source_snapshot_encryption_key": [],
            "source_snapshot_id": "",
            "timeouts": null,
            "type": "pd-standard",
            "users": [],
            "zone": "us-central1-c"
          },
          "sensitive_attributes": [],
          "private": "eyJlMmJmYjczMC1lY2FhLTExZTYtOGY4OC0zNDM2M2JjN2M0YzAiOnsiY3JlYXRlIjoxMjAwMDAwMDAwMDAwLCJkZWxldGUiOjEyMDAwMDAwMDAwMDAsInVwZGF0ZSI6MTIwMDAwMDAwMDAwMH19"
        }
      ]
    },
    {
      "mode": "managed",
      "type": "google_container_cluster",
      "name": "my_cluster",
      "provider": "provider[\"registry.terraform.io/hashicorp/google\"]",
      "instances": [
        {
          "schema_version": 1,
          "attributes": {
            "addons_config": [
              {
                "cloudrun_config": [],
                "config_connector_config": [],
                "dns_cache_config": [],
                "gce_persistent_disk_csi_driver_config": [
                  {
                    "enabled": true
                  }
                ],
                "gcp_filestore_csi_driver_config": [],
                "gke_backup_agent_config": [],
                "horizontal_pod_autoscaling": [],
                "http_load_balancing": [],
                "network_policy_config": [
                  {
                    "disabled": true
                  }
                ]
              }
            ],
            "authenticator_groups_config": [],
            "binary_authorization": [
              {
                "enabled": false,
                "evaluation_mode": ""
              }
            ],
            "cluster_autoscaling": [
              {
                "auto_provisioning_defaults": [],
                "enabled": false,
                "resource_limits": []
              }
            ],
            "cluster_ipv4_cidr": "10.76.0.0/14",
            "confidential_nodes": [],
            "cost_management_config": [],
            "database_encryption": [
              {
                "key_name": "",
                "state": "DECRYPTED"
              }
            ],
            "datapath_provider": "",
            "default_max_pods_per_node": null,
            "default_snat_status": [
              {
                "disabled": false
              }
            ],
            "description": "",
            "dns_config": [],
            "enable_autopilot": false,
            "enable_binary_authorization": false,
            "enable_intranode_visibility": false,
            "enable_kubernetes_alpha": false,
            "enable_l4_ilb_subsetting": false,
            "enable_legacy_abac": false,
            "enable_shielded_nodes": true,
            "enable_tpu": false,
            "endpoint": "34.123.29.29",
            "gateway_api_config": [],
            "id": "projects/cloud-389618/locations/us-central1-c/clusters/my-cluster",
            "initial_node_count": 1,
            "ip_allocation_policy": [],
            "label_fingerprint": "a9dc16a7",
            "location": "us-central1-c",
            "logging_config": [
              {
                "enable_components": [
                  "SYSTEM_COMPONENTS",
                  "WORKLOADS"
                ]
              }
            ],
            "logging_service": "logging.googleapis.com/kubernetes",
            "maintenance_policy": [],
            "master_auth": [
              {
                "client_certificate": "",
                "client_certificate_config": [
                  {
                    "issue_client_certificate": false
                  }
                ],
                "client_key": "",
                "cluster_ca_certificate": "LS0tLS1CRUdJTiBDRVJUSUZJQ0FURS0tLS0tCk1JSUVMVENDQXBXZ0F3SUJBZ0lSQUthd0JUWGw5TlZ6TWtoenBvcUhESXd3RFFZSktvWklodmNOQVFFTEJRQXcKTHpFdE1Dc0dBMVVFQXhNa1ptUXdPVEJqT0dNdE16UmpZaTAwTXprNExXSm1aamN0WkRBek1EQmtOVFptTWpKbQpNQ0FYRFRJek1EWXhOakUwTVRjeE1Gb1lEekl3TlRNd05qQTRNVFV4TnpFd1dqQXZNUzB3S3dZRFZRUURFeVJtClpEQTVNR000WXkwek5HTmlMVFF6T1RndFltWm1OeTFrTURNd01HUTFObVl5TW1Zd2dnR2lNQTBHQ1NxR1NJYjMKRFFFQkFRVUFBNElCandBd2dnR0tBb0lCZ1FER1IrdjRlZk8zblFVRHBBNXJUWllDU0RUWnROeVI4enlEUWViSgp5S055N01uWkFLdTVTU2FBd2xrdkVIUnBTeUJJbzJwY3h2QjJVc3pHRGRyeUJnd3ovNjBMSVNyT2dhSGQwOUtaCmJZNWc1MWRqS1V6N0VVZlRRTEhPazVXa29vaVJhcE9vVFZVNTZZQ0FwRW5CN1UzV2lFNFhhNkFjQUplSjVGSFUKYWpvNHRLbE1KNFU2UTFRQVpYb08vb2JPYjl6dXNtRDBIS1VrRTBKUmRuNTF2cUNkNXdTdWlDeXhONC9uYklsegp4Vy9FV1Zsa0JqLzMvQXM4bW93VTJtdm1DcUREZENVUHNOb0lwcUxyVTkyUmFXR29qcjExU1d0NWszbzdRWnUrCmlZLytLM3VKK2srVGpvbjVrc1NILzFFdWtLalh6ZG04QlV5d0hSVzVyaVZUalM0bUNjNlVjZnNUVEhzMnNxZWMKL3ZKUzYwK2xjWWR3bHVoVWZ1NGpBd3JEc051NnB6Rlg3YXh2V1QrUnVUOXkyckVzRWcxak8zeDN0SmlLYlJmTwpjeTAzQzRrcEYwbXdDUGlub0pHUXdvM0tuYUp2UDZ4d3ZYNkphSG4rNytJYmx0dGFpOUtMaVNyakRWbjhDRkFHCjJwQ0M4ckJySFJISTNJL1MxZEdTek9lSjJsMENBd0VBQWFOQ01FQXdEZ1lEVlIwUEFRSC9CQVFEQWdJRU1BOEcKQTFVZEV3RUIvd1FGTUFNQkFmOHdIUVlEVlIwT0JCWUVGTndFZTJxZjRFNzFQK01DY1hwTlRzMVlCUkJuTUEwRwpDU3FHU0liM0RRRUJDd1VBQTRJQmdRQURSVXU0a2VtU05EdXFVU1RqZ0NxcHc3dTNMUG1HaVAvalhRSmEvaXhBCis0M0hlUjM0eDJYbDVySHM3clhLNzJqRURpT1RHU3RRbVNTTG1wRmNYb3BlTU5Tak81eG82UUtSUDlzZHFpWjEKZlpQc2owYVlpNFhNaUtJWFhDUG9hS1g5Q3JaU0Ftemp3TzAzUHhDZkIyT3FiK0dKbmJuN3VtS1RhSVJiUjBmaApuamZSVnhQc2xNakF2L1dwa2hibEdUenpOL01sT3dZQVFjVGVCMk0wdWpTdzVlR2RmSlZyNkRJaEFIaG0vVENrCmxuWGJob0xVNE10Wnk1NCt0aitEQWlBVU1sYjVWenpHQVJVWEdZUEYrUFZhR1R0Q2duai8xenF4aUlpc3R2U1UKYk1wTXB1MUxQTkYyOER5d1J4QTlQb1Bsa0FMUEg4V0pGM2dtbDFVMS83Y2JLeE01TFBuNEFyckV4TlU0c2NFTQpNOS9QeGg0S29XVHBXS2xVcE5QbGwwK3NndHY2MUFqalFQenlzaWN3QjBzZE1SMWhJUkkreTdHUXpBeGZkN1FECjVFanpIakZ3YW44cTVxWGErZzZ2K3VMbWllUEtkT3JhV2JzelpOUnJTaVRId2pmUnJBejNlNUtFSWRPcEF3TXYKZ0dsYmRISGlRMCs4eEVBZ3U5b1QvQWc9Ci0tLS0tRU5EIENFUlRJRklDQVRFLS0tLS0K"
              }
            ],
            "master_authorized_networks_config": [],
            "master_version": "1.25.8-gke.500",
            "mesh_certificates": [],
            "min_master_version": null,
            "monitoring_config": [
              {
                "enable_components": [
                  "SYSTEM_COMPONENTS"
                ],
                "managed_prometheus": []
              }
            ],
            "monitoring_service": "monitoring.googleapis.com/kubernetes",
            "name": "my-cluster",
            "network": "projects/cloud-389618/global/networks/default",
            "network_policy": [
              {
                "enabled": false,
                "provider": "PROVIDER_UNSPECIFIED"
              }
            ],
            "networking_mode": "ROUTES",
            "node_config": [
              {
                "advanced_machine_features": [],
                "boot_disk_kms_key": "",
                "disk_size_gb": 100,
                "disk_type": "pd-balanced",
                "ephemeral_storage_local_ssd_config": [],
                "gcfs_config": [],
                "guest_accelerator": [],
                "gvnic": [],
                "image_type": "COS_CONTAINERD",
                "kubelet_config": [],
                "labels": {},
                "linux_node_config": [],
                "local_nvme_ssd_block_config": [],
                "local_ssd_count": 0,
                "logging_variant": "DEFAULT",
                "machine_type": "e2-medium",
                "metadata": {
                  "disable-legacy-endpoints": "true"
                },
                "min_cpu_platform": "",
                "node_group": "",
                "oauth_scopes": [
                  "https://www.googleapis.com/auth/devstorage.read_only",
                  "https://www.googleapis.com/auth/logging.write",
                  "https://www.googleapis.com/auth/monitoring",
                  "https://www.googleapis.com/auth/service.management.readonly",
                  "https://www.googleapis.com/auth/servicecontrol",
                  "https://www.googleapis.com/auth/trace.append"
                ],
                "preemptible": false,
                "reservation_affinity": [],
                "resource_labels": null,
                "service_account": "default",
                "shielded_instance_config": [
                  {
                    "enable_integrity_monitoring": true,
                    "enable_secure_boot": false
                  }
                ],
                "spot": false,
                "tags": null,
                "taint": [],
                "workload_metadata_config": []
              }
            ],
            "node_locations": [],
            "node_pool": [
              {
                "autoscaling": [],
                "initial_node_count": 1,
                "instance_group_urls": [
                  "https://www.googleapis.com/compute/v1/projects/cloud-389618/zones/us-central1-c/instanceGroupManagers/gke-my-cluster-default-pool-3d8e8166-grp"
                ],
                "managed_instance_group_urls": [
                  "https://www.googleapis.com/compute/v1/projects/cloud-389618/zones/us-central1-c/instanceGroups/gke-my-cluster-default-pool-3d8e8166-grp"
                ],
                "management": [
                  {
                    "auto_repair": true,
                    "auto_upgrade": true
                  }
                ],
                "max_pods_per_node": 0,
                "name": "default-pool",
                "name_prefix": "",
                "network_config": [
                  {
                    "create_pod_range": false,
                    "enable_private_nodes": false,
                    "pod_cidr_overprovision_config": [],
                    "pod_ipv4_cidr_block": "",
                    "pod_range": ""
                  }
                ],
                "node_config": [
                  {
                    "advanced_machine_features": [],
                    "boot_disk_kms_key": "",
                    "disk_size_gb": 100,
                    "disk_type": "pd-balanced",
                    "ephemeral_storage_local_ssd_config": [],
                    "gcfs_config": [],
                    "guest_accelerator": [],
                    "gvnic": [],
                    "image_type": "COS_CONTAINERD",
                    "kubelet_config": [],
                    "labels": {},
                    "linux_node_config": [],
                    "local_nvme_ssd_block_config": [],
                    "local_ssd_count": 0,
                    "logging_variant": "DEFAULT",
                    "machine_type": "e2-medium",
                    "metadata": {
                      "disable-legacy-endpoints": "true"
                    },
                    "min_cpu_platform": "",
                    "node_group": "",
                    "oauth_scopes": [
                      "https://www.googleapis.com/auth/devstorage.read_only",
                      "https://www.googleapis.com/auth/logging.write",
                      "https://www.googleapis.com/auth/monitoring",
                      "https://www.googleapis.com/auth/service.management.readonly",
                      "https://www.googleapis.com/auth/servicecontrol",
                      "https://www.googleapis.com/auth/trace.append"
                    ],
                    "preemptible": false,
                    "reservation_affinity": [],
                    "resource_labels": {},
                    "service_account": "default",
                    "shielded_instance_config": [
                      {
                        "enable_integrity_monitoring": true,
                        "enable_secure_boot": false
                      }
                    ],
                    "spot": false,
                    "tags": [],
                    "taint": [],
                    "workload_metadata_config": []
                  }
                ],
                "node_count": 1,
                "node_locations": [
                  "us-central1-c"
                ],
                "placement_policy": [],
                "upgrade_settings": [
                  {
                    "blue_green_settings": [],
                    "max_surge": 1,
                    "max_unavailable": 0,
                    "strategy": "SURGE"
                  }
                ],
                "version": "1.25.8-gke.500"
              }
            ],
            "node_pool_defaults": [
              {
                "node_config_defaults": [
                  {
                    "logging_variant": "DEFAULT"
                  }
                ]
              }
            ],
            "node_version": "1.25.8-gke.500",
            "notification_config": [
              {
                "pubsub": [
                  {
                    "enabled": false,
                    "filter": [],
                    "topic": ""
                  }
                ]
              }
            ],
            "operation": null,
            "private_cluster_config": [
              {
                "enable_private_endpoint": false,
                "enable_private_nodes": false,
                "master_global_access_config": [
                  {
                    "enabled": false
                  }
                ],
                "master_ipv4_cidr_block": "",
                "peering_name": "",
                "private_endpoint": "10.128.0.25",
                "private_endpoint_subnetwork": "",
                "public_endpoint": "34.123.29.29"
              }
            ],
            "private_ipv6_google_access": "",
            "project": "cloud-389618",
            "release_channel": [
              {
                "channel": "REGULAR"
              }
            ],
            "remove_default_node_pool": null,
            "resource_labels": null,
            "resource_usage_export_config": [],
            "self_link": "https://container.googleapis.com/v1/projects/cloud-389618/zones/us-central1-c/clusters/my-cluster",
            "service_external_ips_config": [
              {
                "enabled": false
              }
            ],
            "services_ipv4_cidr": "10.79.240.0/20",
            "subnetwork": "projects/cloud-389618/regions/us-central1/subnetworks/default",
            "timeouts": null,
            "tpu_ipv4_cidr_block": "",
            "vertical_pod_autoscaling": [],
            "workload_identity_config": []
          },
          "sensitive_attributes": [],
          "private": "eyJlMmJmYjczMC1lY2FhLTExZTYtOGY4OC0zNDM2M2JjN2M0YzAiOnsiY3JlYXRlIjoyNDAwMDAwMDAwMDAwLCJkZWxldGUiOjI0MDAwMDAwMDAwMDAsInJlYWQiOjI0MDAwMDAwMDAwMDAsInVwZGF0ZSI6MzYwMDAwMDAwMDAwMH0sInNjaGVtYV92ZXJzaW9uIjoiMSJ9"
        }
      ]
    }
  ],
  "check_results": null
}
